
Microsoft Visual Studio Solution File, Format Version 12.00
# Visual Studio Version 17
VisualStudioVersion = 17.10.35027.167
MinimumVisualStudioVersion = 10.0.40219.1
Project("{9A19103F-16F7-4668-BE54-9A1E7A4F7556}") = "File.Api", "File.Api\File.Api.csproj", "{187E1E0D-87AB-4CC0-A3A8-F37756655282}"
EndProject
Global
	GlobalSection(SolutionConfigurationPlatforms) = preSolution
		Debug|Any CPU = Debug|Any CPU
		Release|Any CPU = Release|Any CPU
	EndGlobalSection
	GlobalSection(ProjectConfigurationPlatforms) = postSolution
		{187E1E0D-87AB-4CC0-A3A8-F37756655282}.Debug|Any CPU.ActiveCfg = Debug|Any CPU
		{187E1E0D-87AB-4CC0-A3A8-F37756655282}.Debug|Any CPU.Build.0 = Debug|Any CPU
		{187E1E0D-87AB-4CC0-A3A8-F37756655282}.Release|Any CPU.ActiveCfg = Release|Any CPU
		{187E1E0D-87AB-4CC0-A3A8-F37756655282}.Release|Any CPU.Build.0 = Release|Any CPU
	EndGlobalSection
	GlobalSection(SolutionProperties) = preSolution
		HideSolutionNode = FALSE
	EndGlobalSection
	GlobalSection(ExtensibilityGlobals) = postSolution
		SolutionGuid = {BFDE48BD-DF50-4EF2-BAB6-37E90545C1FF}
	EndGlobalSection
EndGlobal
